// !$*UTF8*$!
{
	archiveVersion = 1;
	classes = {
	};
	objectVersion = 56;
	objects = {

/* Begin PBXBuildFile section */
		C6048F642B6C184A00131132 /* MoviesDataModel.xcdatamodeld in Sources */ = {isa = PBXBuildFile; fileRef = C6048F622B6C184A00131132 /* MoviesDataModel.xcdatamodeld */; };
		C6048F662B6C191900131132 /* CoreDataController.swift in Sources */ = {isa = PBXBuildFile; fileRef = C6048F652B6C191900131132 /* CoreDataController.swift */; };
		C6048F682B6C1B7000131132 /* FallbackController.swift in Sources */ = {isa = PBXBuildFile; fileRef = C6048F672B6C1B7000131132 /* FallbackController.swift */; };
		C60C24FC2B6AD7C000A7792A /* DateExtensions.swift in Sources */ = {isa = PBXBuildFile; fileRef = C60C24FB2B6AD7C000A7792A /* DateExtensions.swift */; };
		C60C25012B6AE07100A7792A /* DetailsViewController.swift in Sources */ = {isa = PBXBuildFile; fileRef = C60C25002B6AE07100A7792A /* DetailsViewController.swift */; };
		C60C25052B6AE86200A7792A /* DetailsViewModel.swift in Sources */ = {isa = PBXBuildFile; fileRef = C60C25042B6AE86200A7792A /* DetailsViewModel.swift */; };
		C646D1B82B6A5E4700361762 /* MovieViewModel.swift in Sources */ = {isa = PBXBuildFile; fileRef = C646D1B72B6A5E4700361762 /* MovieViewModel.swift */; };
		C646D1BA2B6A627100361762 /* MoviesTableViewModel.swift in Sources */ = {isa = PBXBuildFile; fileRef = C646D1B92B6A627100361762 /* MoviesTableViewModel.swift */; };
		C6E8252B2B6C4A4500B053A6 /* FavoriteMovieTableViewModel.swift in Sources */ = {isa = PBXBuildFile; fileRef = C6E8252A2B6C4A4500B053A6 /* FavoriteMovieTableViewModel.swift */; };
		C6E8826A2B69585B00CF0E9F /* AppDelegate.swift in Sources */ = {isa = PBXBuildFile; fileRef = C6E882692B69585B00CF0E9F /* AppDelegate.swift */; };
		C6E8826C2B69585B00CF0E9F /* SceneDelegate.swift in Sources */ = {isa = PBXBuildFile; fileRef = C6E8826B2B69585B00CF0E9F /* SceneDelegate.swift */; };
		C6E8826E2B69585B00CF0E9F /* MoviesViewController.swift in Sources */ = {isa = PBXBuildFile; fileRef = C6E8826D2B69585B00CF0E9F /* MoviesViewController.swift */; };
		C6E882732B69585B00CF0E9F /* Assets.xcassets in Resources */ = {isa = PBXBuildFile; fileRef = C6E882722B69585B00CF0E9F /* Assets.xcassets */; };
		C6E882762B69585B00CF0E9F /* LaunchScreen.storyboard in Resources */ = {isa = PBXBuildFile; fileRef = C6E882742B69585B00CF0E9F /* LaunchScreen.storyboard */; };
		C6E882822B69650500CF0E9F /* TabController.swift in Sources */ = {isa = PBXBuildFile; fileRef = C6E882812B69650500CF0E9F /* TabController.swift */; };
		C6E882882B696E3800CF0E9F /* FavoritesViewController.swift in Sources */ = {isa = PBXBuildFile; fileRef = C6E882872B696E3800CF0E9F /* FavoritesViewController.swift */; };
		C6E8828D2B69749600CF0E9F /* MovieCell.swift in Sources */ = {isa = PBXBuildFile; fileRef = C6E8828C2B69749600CF0E9F /* MovieCell.swift */; };
		C6E8828F2B6974CA00CF0E9F /* Constants.swift in Sources */ = {isa = PBXBuildFile; fileRef = C6E8828E2B6974CA00CF0E9F /* Constants.swift */; };
		C6E882922B6978E300CF0E9F /* NetworkController.swift in Sources */ = {isa = PBXBuildFile; fileRef = C6E882912B6978E300CF0E9F /* NetworkController.swift */; };
		C6E882962B697A3700CF0E9F /* Movie.swift in Sources */ = {isa = PBXBuildFile; fileRef = C6E882952B697A3700CF0E9F /* Movie.swift */; };
		C6E8829B2B698D6300CF0E9F /* MovieDTO.swift in Sources */ = {isa = PBXBuildFile; fileRef = C6E8829A2B698D6300CF0E9F /* MovieDTO.swift */; };
/* End PBXBuildFile section */

/* Begin PBXFileReference section */
		C6048F632B6C184A00131132 /* MoviesDataModel.xcdatamodel */ = {isa = PBXFileReference; lastKnownFileType = wrapper.xcdatamodel; path = MoviesDataModel.xcdatamodel; sourceTree = "<group>"; };
		C6048F652B6C191900131132 /* CoreDataController.swift */ = {isa = PBXFileReference; lastKnownFileType = sourcecode.swift; path = CoreDataController.swift; sourceTree = "<group>"; };
		C6048F672B6C1B7000131132 /* FallbackController.swift */ = {isa = PBXFileReference; lastKnownFileType = sourcecode.swift; path = FallbackController.swift; sourceTree = "<group>"; };
		C60C24FB2B6AD7C000A7792A /* DateExtensions.swift */ = {isa = PBXFileReference; lastKnownFileType = sourcecode.swift; path = DateExtensions.swift; sourceTree = "<group>"; };
		C60C25002B6AE07100A7792A /* DetailsViewController.swift */ = {isa = PBXFileReference; lastKnownFileType = sourcecode.swift; path = DetailsViewController.swift; sourceTree = "<group>"; };
		C60C25042B6AE86200A7792A /* DetailsViewModel.swift */ = {isa = PBXFileReference; lastKnownFileType = sourcecode.swift; path = DetailsViewModel.swift; sourceTree = "<group>"; };
		C646D1B72B6A5E4700361762 /* MovieViewModel.swift */ = {isa = PBXFileReference; lastKnownFileType = sourcecode.swift; path = MovieViewModel.swift; sourceTree = "<group>"; };
		C646D1B92B6A627100361762 /* MoviesTableViewModel.swift */ = {isa = PBXFileReference; lastKnownFileType = sourcecode.swift; path = MoviesTableViewModel.swift; sourceTree = "<group>"; };
		C6E8252A2B6C4A4500B053A6 /* FavoriteMovieTableViewModel.swift */ = {isa = PBXFileReference; lastKnownFileType = sourcecode.swift; path = FavoriteMovieTableViewModel.swift; sourceTree = "<group>"; };
		C6E882662B69585B00CF0E9F /* Movie-Reels.app */ = {isa = PBXFileReference; explicitFileType = wrapper.application; includeInIndex = 0; path = "Movie-Reels.app"; sourceTree = BUILT_PRODUCTS_DIR; };
		C6E882692B69585B00CF0E9F /* AppDelegate.swift */ = {isa = PBXFileReference; lastKnownFileType = sourcecode.swift; path = AppDelegate.swift; sourceTree = "<group>"; };
		C6E8826B2B69585B00CF0E9F /* SceneDelegate.swift */ = {isa = PBXFileReference; lastKnownFileType = sourcecode.swift; path = SceneDelegate.swift; sourceTree = "<group>"; };
		C6E8826D2B69585B00CF0E9F /* MoviesViewController.swift */ = {isa = PBXFileReference; lastKnownFileType = sourcecode.swift; path = MoviesViewController.swift; sourceTree = "<group>"; };
		C6E882722B69585B00CF0E9F /* Assets.xcassets */ = {isa = PBXFileReference; lastKnownFileType = folder.assetcatalog; path = Assets.xcassets; sourceTree = "<group>"; };
		C6E882752B69585B00CF0E9F /* Base */ = {isa = PBXFileReference; lastKnownFileType = file.storyboard; name = Base; path = Base.lproj/LaunchScreen.storyboard; sourceTree = "<group>"; };
		C6E882772B69585B00CF0E9F /* Info.plist */ = {isa = PBXFileReference; lastKnownFileType = text.plist.xml; path = Info.plist; sourceTree = "<group>"; };
		C6E882812B69650500CF0E9F /* TabController.swift */ = {isa = PBXFileReference; lastKnownFileType = sourcecode.swift; path = TabController.swift; sourceTree = "<group>"; };
		C6E882872B696E3800CF0E9F /* FavoritesViewController.swift */ = {isa = PBXFileReference; lastKnownFileType = sourcecode.swift; path = FavoritesViewController.swift; sourceTree = "<group>"; };
		C6E8828C2B69749600CF0E9F /* MovieCell.swift */ = {isa = PBXFileReference; lastKnownFileType = sourcecode.swift; path = MovieCell.swift; sourceTree = "<group>"; };
		C6E8828E2B6974CA00CF0E9F /* Constants.swift */ = {isa = PBXFileReference; lastKnownFileType = sourcecode.swift; path = Constants.swift; sourceTree = "<group>"; };
		C6E882912B6978E300CF0E9F /* NetworkController.swift */ = {isa = PBXFileReference; lastKnownFileType = sourcecode.swift; path = NetworkController.swift; sourceTree = "<group>"; };
		C6E882952B697A3700CF0E9F /* Movie.swift */ = {isa = PBXFileReference; lastKnownFileType = sourcecode.swift; path = Movie.swift; sourceTree = "<group>"; };
		C6E8829A2B698D6300CF0E9F /* MovieDTO.swift */ = {isa = PBXFileReference; lastKnownFileType = sourcecode.swift; path = MovieDTO.swift; sourceTree = "<group>"; };
/* End PBXFileReference section */

/* Begin PBXFrameworksBuildPhase section */
		C6E882632B69585B00CF0E9F /* Frameworks */ = {
			isa = PBXFrameworksBuildPhase;
			buildActionMask = 2147483647;
			files = (
			);
			runOnlyForDeploymentPostprocessing = 0;
		};
/* End PBXFrameworksBuildPhase section */

/* Begin PBXGroup section */
		C60C24FD2B6AE00A00A7792A /* DetailsViewController */ = {
			isa = PBXGroup;
			children = (
				C60C25002B6AE07100A7792A /* DetailsViewController.swift */,
				C60C25042B6AE86200A7792A /* DetailsViewModel.swift */,
			);
			path = DetailsViewController;
			sourceTree = "<group>";
		};
		C6E8825D2B69585B00CF0E9F = {
			isa = PBXGroup;
			children = (
				C6E882682B69585B00CF0E9F /* Movie-Reels */,
				C6E882672B69585B00CF0E9F /* Products */,
			);
			sourceTree = "<group>";
		};
		C6E882672B69585B00CF0E9F /* Products */ = {
			isa = PBXGroup;
			children = (
				C6E882662B69585B00CF0E9F /* Movie-Reels.app */,
			);
			name = Products;
			sourceTree = "<group>";
		};
		C6E882682B69585B00CF0E9F /* Movie-Reels */ = {
			isa = PBXGroup;
			children = (
				C6E882772B69585B00CF0E9F /* Info.plist */,
				C6E882942B697A2A00CF0E9F /* Model */,
				C6E882902B6978CF00CF0E9F /* Services */,
				C6E882802B69631200CF0E9F /* Resources */,
				C6E8827F2B6962F200CF0E9F /* Support */,
				C6E8827D2B69622700CF0E9F /* Screens */,
			);
			path = "Movie-Reels";
			sourceTree = "<group>";
		};
		C6E8827D2B69622700CF0E9F /* Screens */ = {
			isa = PBXGroup;
			children = (
				C6E882742B69585B00CF0E9F /* LaunchScreen.storyboard */,
				C6E882832B696B3A00CF0E9F /* TabController */,
				C6E8827E2B6962D700CF0E9F /* MoviesViewController */,
				C60C24FD2B6AE00A00A7792A /* DetailsViewController */,
				C6E882862B696E1500CF0E9F /* FavoritesViewController */,
			);
			path = Screens;
			sourceTree = "<group>";
		};
		C6E8827E2B6962D700CF0E9F /* MoviesViewController */ = {
			isa = PBXGroup;
			children = (
				C6E8826D2B69585B00CF0E9F /* MoviesViewController.swift */,
				C6E8828C2B69749600CF0E9F /* MovieCell.swift */,
				C646D1B72B6A5E4700361762 /* MovieViewModel.swift */,
				C646D1B92B6A627100361762 /* MoviesTableViewModel.swift */,
			);
			path = MoviesViewController;
			sourceTree = "<group>";
		};
		C6E8827F2B6962F200CF0E9F /* Support */ = {
			isa = PBXGroup;
			children = (
				C6E882692B69585B00CF0E9F /* AppDelegate.swift */,
				C6E8826B2B69585B00CF0E9F /* SceneDelegate.swift */,
				C6E8828E2B6974CA00CF0E9F /* Constants.swift */,
				C60C24FB2B6AD7C000A7792A /* DateExtensions.swift */,
			);
			path = Support;
			sourceTree = "<group>";
		};
		C6E882802B69631200CF0E9F /* Resources */ = {
			isa = PBXGroup;
			children = (
				C6E882722B69585B00CF0E9F /* Assets.xcassets */,
				C6048F622B6C184A00131132 /* MoviesDataModel.xcdatamodeld */,
			);
			path = Resources;
			sourceTree = "<group>";
		};
		C6E882832B696B3A00CF0E9F /* TabController */ = {
			isa = PBXGroup;
			children = (
				C6E882812B69650500CF0E9F /* TabController.swift */,
			);
			path = TabController;
			sourceTree = "<group>";
		};
		C6E882862B696E1500CF0E9F /* FavoritesViewController */ = {
			isa = PBXGroup;
			children = (
				C6E882872B696E3800CF0E9F /* FavoritesViewController.swift */,
				C6E8252A2B6C4A4500B053A6 /* FavoriteMovieTableViewModel.swift */,
			);
			path = FavoritesViewController;
			sourceTree = "<group>";
		};
		C6E882902B6978CF00CF0E9F /* Services */ = {
			isa = PBXGroup;
			children = (
				C6E882992B698D5500CF0E9F /* DTO */,
				C6E882912B6978E300CF0E9F /* NetworkController.swift */,
				C6048F652B6C191900131132 /* CoreDataController.swift */,
				C6048F672B6C1B7000131132 /* FallbackController.swift */,
			);
			path = Services;
			sourceTree = "<group>";
		};
		C6E882942B697A2A00CF0E9F /* Model */ = {
			isa = PBXGroup;
			children = (
				C6E882952B697A3700CF0E9F /* Movie.swift */,
			);
			path = Model;
			sourceTree = "<group>";
		};
		C6E882992B698D5500CF0E9F /* DTO */ = {
			isa = PBXGroup;
			children = (
				C6E8829A2B698D6300CF0E9F /* MovieDTO.swift */,
			);
			path = DTO;
			sourceTree = "<group>";
		};
/* End PBXGroup section */

/* Begin PBXNativeTarget section */
		C6E882652B69585B00CF0E9F /* Movie-Reels */ = {
			isa = PBXNativeTarget;
			buildConfigurationList = C6E8827A2B69585B00CF0E9F /* Build configuration list for PBXNativeTarget "Movie-Reels" */;
			buildPhases = (
				C6E882622B69585B00CF0E9F /* Sources */,
				C6E882632B69585B00CF0E9F /* Frameworks */,
				C6E882642B69585B00CF0E9F /* Resources */,
			);
			buildRules = (
			);
			dependencies = (
			);
			name = "Movie-Reels";
			productName = "Nitrix-Movie-Reels";
			productReference = C6E882662B69585B00CF0E9F /* Movie-Reels.app */;
			productType = "com.apple.product-type.application";
		};
/* End PBXNativeTarget section */

/* Begin PBXProject section */
		C6E8825E2B69585B00CF0E9F /* Project object */ = {
			isa = PBXProject;
			attributes = {
				BuildIndependentTargetsInParallel = 1;
				LastSwiftUpdateCheck = 1500;
				LastUpgradeCheck = 1500;
				TargetAttributes = {
					C6E882652B69585B00CF0E9F = {
						CreatedOnToolsVersion = 15.0;
					};
				};
			};
			buildConfigurationList = C6E882612B69585B00CF0E9F /* Build configuration list for PBXProject "Movie-Reels" */;
			compatibilityVersion = "Xcode 14.0";
			developmentRegion = en;
			hasScannedForEncodings = 0;
			knownRegions = (
				en,
				Base,
			);
			mainGroup = C6E8825D2B69585B00CF0E9F;
			productRefGroup = C6E882672B69585B00CF0E9F /* Products */;
			projectDirPath = "";
			projectRoot = "";
			targets = (
				C6E882652B69585B00CF0E9F /* Movie-Reels */,
			);
		};
/* End PBXProject section */

/* Begin PBXResourcesBuildPhase section */
		C6E882642B69585B00CF0E9F /* Resources */ = {
			isa = PBXResourcesBuildPhase;
			buildActionMask = 2147483647;
			files = (
				C6E882762B69585B00CF0E9F /* LaunchScreen.storyboard in Resources */,
				C6E882732B69585B00CF0E9F /* Assets.xcassets in Resources */,
			);
			runOnlyForDeploymentPostprocessing = 0;
		};
/* End PBXResourcesBuildPhase section */

/* Begin PBXSourcesBuildPhase section */
		C6E882622B69585B00CF0E9F /* Sources */ = {
			isa = PBXSourcesBuildPhase;
			buildActionMask = 2147483647;
			files = (
				C6E882922B6978E300CF0E9F /* NetworkController.swift in Sources */,
				C6E8826E2B69585B00CF0E9F /* MoviesViewController.swift in Sources */,
				C6048F642B6C184A00131132 /* MoviesDataModel.xcdatamodeld in Sources */,
				C6E882962B697A3700CF0E9F /* Movie.swift in Sources */,
				C60C25052B6AE86200A7792A /* DetailsViewModel.swift in Sources */,
				C6048F682B6C1B7000131132 /* FallbackController.swift in Sources */,
				C6048F662B6C191900131132 /* CoreDataController.swift in Sources */,
				C6E8252B2B6C4A4500B053A6 /* FavoriteMovieTableViewModel.swift in Sources */,
				C6E8829B2B698D6300CF0E9F /* MovieDTO.swift in Sources */,
				C6E882822B69650500CF0E9F /* TabController.swift in Sources */,
				C6E8828D2B69749600CF0E9F /* MovieCell.swift in Sources */,
				C6E8826A2B69585B00CF0E9F /* AppDelegate.swift in Sources */,
				C60C24FC2B6AD7C000A7792A /* DateExtensions.swift in Sources */,
				C646D1B82B6A5E4700361762 /* MovieViewModel.swift in Sources */,
				C646D1BA2B6A627100361762 /* MoviesTableViewModel.swift in Sources */,
				C6E8828F2B6974CA00CF0E9F /* Constants.swift in Sources */,
				C6E882882B696E3800CF0E9F /* FavoritesViewController.swift in Sources */,
				C6E8826C2B69585B00CF0E9F /* SceneDelegate.swift in Sources */,
				C60C25012B6AE07100A7792A /* DetailsViewController.swift in Sources */,
			);
			runOnlyForDeploymentPostprocessing = 0;
		};
/* End PBXSourcesBuildPhase section */

/* Begin PBXVariantGroup section */
		C6E882742B69585B00CF0E9F /* LaunchScreen.storyboard */ = {
			isa = PBXVariantGroup;
			children = (
				C6E882752B69585B00CF0E9F /* Base */,
			);
			name = LaunchScreen.storyboard;
			sourceTree = "<group>";
		};
/* End PBXVariantGroup section */

/* Begin XCBuildConfiguration section */
		C6E882782B69585B00CF0E9F /* Debug */ = {
			isa = XCBuildConfiguration;
			buildSettings = {
				ALWAYS_SEARCH_USER_PATHS = NO;
				ASSETCATALOG_COMPILER_GENERATE_SWIFT_ASSET_SYMBOL_EXTENSIONS = YES;
				CLANG_ANALYZER_NONNULL = YES;
				CLANG_ANALYZER_NUMBER_OBJECT_CONVERSION = YES_AGGRESSIVE;
				CLANG_CXX_LANGUAGE_STANDARD = "gnu++20";
				CLANG_ENABLE_MODULES = YES;
				CLANG_ENABLE_OBJC_ARC = YES;
				CLANG_ENABLE_OBJC_WEAK = YES;
				CLANG_WARN_BLOCK_CAPTURE_AUTORELEASING = YES;
				CLANG_WARN_BOOL_CONVERSION = YES;
				CLANG_WARN_COMMA = YES;
				CLANG_WARN_CONSTANT_CONVERSION = YES;
				CLANG_WARN_DEPRECATED_OBJC_IMPLEMENTATIONS = YES;
				CLANG_WARN_DIRECT_OBJC_ISA_USAGE = YES_ERROR;
				CLANG_WARN_DOCUMENTATION_COMMENTS = YES;
				CLANG_WARN_EMPTY_BODY = YES;
				CLANG_WARN_ENUM_CONVERSION = YES;
				CLANG_WARN_INFINITE_RECURSION = YES;
				CLANG_WARN_INT_CONVERSION = YES;
				CLANG_WARN_NON_LITERAL_NULL_CONVERSION = YES;
				CLANG_WARN_OBJC_IMPLICIT_RETAIN_SELF = YES;
				CLANG_WARN_OBJC_LITERAL_CONVERSION = YES;
				CLANG_WARN_OBJC_ROOT_CLASS = YES_ERROR;
				CLANG_WARN_QUOTED_INCLUDE_IN_FRAMEWORK_HEADER = YES;
				CLANG_WARN_RANGE_LOOP_ANALYSIS = YES;
				CLANG_WARN_STRICT_PROTOTYPES = YES;
				CLANG_WARN_SUSPICIOUS_MOVE = YES;
				CLANG_WARN_UNGUARDED_AVAILABILITY = YES_AGGRESSIVE;
				CLANG_WARN_UNREACHABLE_CODE = YES;
				CLANG_WARN__DUPLICATE_METHOD_MATCH = YES;
				COPY_PHASE_STRIP = NO;
				DEBUG_INFORMATION_FORMAT = dwarf;
				ENABLE_STRICT_OBJC_MSGSEND = YES;
				ENABLE_TESTABILITY = YES;
				ENABLE_USER_SCRIPT_SANDBOXING = YES;
				GCC_C_LANGUAGE_STANDARD = gnu17;
				GCC_DYNAMIC_NO_PIC = NO;
				GCC_NO_COMMON_BLOCKS = YES;
				GCC_OPTIMIZATION_LEVEL = 0;
				GCC_PREPROCESSOR_DEFINITIONS = (
					"DEBUG=1",
					"$(inherited)",
				);
				GCC_WARN_64_TO_32_BIT_CONVERSION = YES;
				GCC_WARN_ABOUT_RETURN_TYPE = YES_ERROR;
				GCC_WARN_UNDECLARED_SELECTOR = YES;
				GCC_WARN_UNINITIALIZED_AUTOS = YES_AGGRESSIVE;
				GCC_WARN_UNUSED_FUNCTION = YES;
				GCC_WARN_UNUSED_VARIABLE = YES;
				IPHONEOS_DEPLOYMENT_TARGET = 15.0;
				LOCALIZATION_PREFERS_STRING_CATALOGS = YES;
				MTL_ENABLE_DEBUG_INFO = INCLUDE_SOURCE;
				MTL_FAST_MATH = YES;
				ONLY_ACTIVE_ARCH = YES;
				SDKROOT = iphoneos;
				SWIFT_ACTIVE_COMPILATION_CONDITIONS = "DEBUG $(inherited)";
				SWIFT_OPTIMIZATION_LEVEL = "-Onone";
			};
			name = Debug;
		};
		C6E882792B69585B00CF0E9F /* Release */ = {
			isa = XCBuildConfiguration;
			buildSettings = {
				ALWAYS_SEARCH_USER_PATHS = NO;
				ASSETCATALOG_COMPILER_GENERATE_SWIFT_ASSET_SYMBOL_EXTENSIONS = YES;
				CLANG_ANALYZER_NONNULL = YES;
				CLANG_ANALYZER_NUMBER_OBJECT_CONVERSION = YES_AGGRESSIVE;
				CLANG_CXX_LANGUAGE_STANDARD = "gnu++20";
				CLANG_ENABLE_MODULES = YES;
				CLANG_ENABLE_OBJC_ARC = YES;
				CLANG_ENABLE_OBJC_WEAK = YES;
				CLANG_WARN_BLOCK_CAPTURE_AUTORELEASING = YES;
				CLANG_WARN_BOOL_CONVERSION = YES;
				CLANG_WARN_COMMA = YES;
				CLANG_WARN_CONSTANT_CONVERSION = YES;
				CLANG_WARN_DEPRECATED_OBJC_IMPLEMENTATIONS = YES;
				CLANG_WARN_DIRECT_OBJC_ISA_USAGE = YES_ERROR;
				CLANG_WARN_DOCUMENTATION_COMMENTS = YES;
				CLANG_WARN_EMPTY_BODY = YES;
				CLANG_WARN_ENUM_CONVERSION = YES;
				CLANG_WARN_INFINITE_RECURSION = YES;
				CLANG_WARN_INT_CONVERSION = YES;
				CLANG_WARN_NON_LITERAL_NULL_CONVERSION = YES;
				CLANG_WARN_OBJC_IMPLICIT_RETAIN_SELF = YES;
				CLANG_WARN_OBJC_LITERAL_CONVERSION = YES;
				CLANG_WARN_OBJC_ROOT_CLASS = YES_ERROR;
				CLANG_WARN_QUOTED_INCLUDE_IN_FRAMEWORK_HEADER = YES;
				CLANG_WARN_RANGE_LOOP_ANALYSIS = YES;
				CLANG_WARN_STRICT_PROTOTYPES = YES;
				CLANG_WARN_SUSPICIOUS_MOVE = YES;
				CLANG_WARN_UNGUARDED_AVAILABILITY = YES_AGGRESSIVE;
				CLANG_WARN_UNREACHABLE_CODE = YES;
				CLANG_WARN__DUPLICATE_METHOD_MATCH = YES;
				COPY_PHASE_STRIP = NO;
				DEBUG_INFORMATION_FORMAT = "dwarf-with-dsym";
				ENABLE_NS_ASSERTIONS = NO;
				ENABLE_STRICT_OBJC_MSGSEND = YES;
				ENABLE_USER_SCRIPT_SANDBOXING = YES;
				GCC_C_LANGUAGE_STANDARD = gnu17;
				GCC_NO_COMMON_BLOCKS = YES;
				GCC_WARN_64_TO_32_BIT_CONVERSION = YES;
				GCC_WARN_ABOUT_RETURN_TYPE = YES_ERROR;
				GCC_WARN_UNDECLARED_SELECTOR = YES;
				GCC_WARN_UNINITIALIZED_AUTOS = YES_AGGRESSIVE;
				GCC_WARN_UNUSED_FUNCTION = YES;
				GCC_WARN_UNUSED_VARIABLE = YES;
				IPHONEOS_DEPLOYMENT_TARGET = 15.0;
				LOCALIZATION_PREFERS_STRING_CATALOGS = YES;
				MTL_ENABLE_DEBUG_INFO = NO;
				MTL_FAST_MATH = YES;
				SDKROOT = iphoneos;
				SWIFT_COMPILATION_MODE = wholemodule;
				VALIDATE_PRODUCT = YES;
			};
			name = Release;
		};
		C6E8827B2B69585B00CF0E9F /* Debug */ = {
			isa = XCBuildConfiguration;
			buildSettings = {
				ASSETCATALOG_COMPILER_APPICON_NAME = AppIcon;
				ASSETCATALOG_COMPILER_GLOBAL_ACCENT_COLOR_NAME = AccentColor;
				CODE_SIGN_STYLE = Automatic;
				CURRENT_PROJECT_VERSION = 1;
				DEVELOPMENT_TEAM = 69M929ZQ47;
				GENERATE_INFOPLIST_FILE = YES;
				INFOPLIST_FILE = "Movie-Reels/Info.plist";
				INFOPLIST_KEY_UIApplicationSupportsIndirectInputEvents = YES;
				INFOPLIST_KEY_UILaunchStoryboardName = LaunchScreen;
				INFOPLIST_KEY_UISupportedInterfaceOrientations = UIInterfaceOrientationPortrait;
				INFOPLIST_KEY_UISupportedInterfaceOrientations_iPad = "UIInterfaceOrientationLandscapeLeft UIInterfaceOrientationLandscapeRight UIInterfaceOrientationPortrait UIInterfaceOrientationPortraitUpsideDown";
				IPHONEOS_DEPLOYMENT_TARGET = 15.0;
				LD_RUNPATH_SEARCH_PATHS = (
					"$(inherited)",
					"@executable_path/Frameworks",
				);
				MARKETING_VERSION = 1.0;
				PRODUCT_BUNDLE_IDENTIFIER = "com.uk-servers.Movie-Reels";
				PRODUCT_NAME = "$(TARGET_NAME)";
				SUPPORTED_PLATFORMS = "iphoneos iphonesimulator";
				SUPPORTS_MACCATALYST = NO;
				SUPPORTS_MAC_DESIGNED_FOR_IPHONE_IPAD = NO;
				SWIFT_EMIT_LOC_STRINGS = YES;
				SWIFT_VERSION = 5.0;
				TARGETED_DEVICE_FAMILY = "1,2";
			};
			name = Debug;
		};
		C6E8827C2B69585B00CF0E9F /* Release */ = {
			isa = XCBuildConfiguration;
			buildSettings = {
				ASSETCATALOG_COMPILER_APPICON_NAME = AppIcon;
				ASSETCATALOG_COMPILER_GLOBAL_ACCENT_COLOR_NAME = AccentColor;
				CODE_SIGN_STYLE = Automatic;
				CURRENT_PROJECT_VERSION = 1;
				DEVELOPMENT_TEAM = 69M929ZQ47;
				GENERATE_INFOPLIST_FILE = YES;
				INFOPLIST_FILE = "Movie-Reels/Info.plist";
				INFOPLIST_KEY_UIApplicationSupportsIndirectInputEvents = YES;
				INFOPLIST_KEY_UILaunchStoryboardName = LaunchScreen;
				INFOPLIST_KEY_UISupportedInterfaceOrientations = UIInterfaceOrientationPortrait;
				INFOPLIST_KEY_UISupportedInterfaceOrientations_iPad = "UIInterfaceOrientationLandscapeLeft UIInterfaceOrientationLandscapeRight UIInterfaceOrientationPortrait UIInterfaceOrientationPortraitUpsideDown";
				IPHONEOS_DEPLOYMENT_TARGET = 15.0;
				LD_RUNPATH_SEARCH_PATHS = (
					"$(inherited)",
					"@executable_path/Frameworks",
				);
				MARKETING_VERSION = 1.0;
				PRODUCT_BUNDLE_IDENTIFIER = "com.uk-servers.Movie-Reels";
				PRODUCT_NAME = "$(TARGET_NAME)";
				SUPPORTED_PLATFORMS = "iphoneos iphonesimulator";
				SUPPORTS_MACCATALYST = NO;
				SUPPORTS_MAC_DESIGNED_FOR_IPHONE_IPAD = NO;
				SWIFT_EMIT_LOC_STRINGS = YES;
				SWIFT_VERSION = 5.0;
				TARGETED_DEVICE_FAMILY = "1,2";
			};
			name = Release;
		};
/* End XCBuildConfiguration section */

/* Begin XCConfigurationList section */
		C6E882612B69585B00CF0E9F /* Build configuration list for PBXProject "Movie-Reels" */ = {
			isa = XCConfigurationList;
			buildConfigurations = (
				C6E882782B69585B00CF0E9F /* Debug */,
				C6E882792B69585B00CF0E9F /* Release */,
			);
			defaultConfigurationIsVisible = 0;
			defaultConfigurationName = Release;
		};
		C6E8827A2B69585B00CF0E9F /* Build configuration list for PBXNativeTarget "Movie-Reels" */ = {
			isa = XCConfigurationList;
			buildConfigurations = (
				C6E8827B2B69585B00CF0E9F /* Debug */,
				C6E8827C2B69585B00CF0E9F /* Release */,
			);
			defaultConfigurationIsVisible = 0;
			defaultConfigurationName = Release;
		};
/* End XCConfigurationList section */

/* Begin XCVersionGroup section */
		C6048F622B6C184A00131132 /* MoviesDataModel.xcdatamodeld */ = {
			isa = XCVersionGroup;
			children = (
				C6048F632B6C184A00131132 /* MoviesDataModel.xcdatamodel */,
			);
			currentVersion = C6048F632B6C184A00131132 /* MoviesDataModel.xcdatamodel */;
			path = MoviesDataModel.xcdatamodeld;
			sourceTree = "<group>";
			versionGroupType = wrapper.xcdatamodel;
		};
/* End XCVersionGroup section */
	};
	rootObject = C6E8825E2B69585B00CF0E9F /* Project object */;
}
